
Microsoft Visual Studio Solution File, Format Version 12.00
# Visual Studio 15
VisualStudioVersion = 15.0.26730.16
MinimumVisualStudioVersion = 10.0.40219.1
Project("{FAE04EC0-301F-11D3-BF4B-00C04F79EFBC}") = "TestMDi3", "TestMDi3\TestMDi3.csproj", "{24AA1D92-2315-4080-A2D6-927F3151118A}"
EndProject
Global
	GlobalSection(SolutionConfigurationPlatforms) = preSolution
		Debug|Any CPU = Debug|Any CPU
		Release|Any CPU = Release|Any CPU
	EndGlobalSection
	GlobalSection(ProjectConfigurationPlatforms) = postSolution
		{24AA1D92-2315-4080-A2D6-927F3151118A}.Debug|Any CPU.ActiveCfg = Debug|Any CPU
		{24AA1D92-2315-4080-A2D6-927F3151118A}.Debug|Any CPU.Build.0 = Debug|Any CPU
		{24AA1D92-2315-4080-A2D6-927F3151118A}.Release|Any CPU.ActiveCfg = Release|Any CPU
		{24AA1D92-2315-4080-A2D6-927F3151118A}.Release|Any CPU.Build.0 = Release|Any CPU
	EndGlobalSection
	GlobalSection(SolutionProperties) = preSolution
		HideSolutionNode = FALSE
	EndGlobalSection
	GlobalSection(ExtensibilityGlobals) = postSolution
		SolutionGuid = {ACC07C57-356D-4600-98BD-1FFA61BEF462}
	EndGlobalSection
EndGlobal
